
Microsoft Visual Studio Solution File, Format Version 12.00
# Visual Studio Version 17
VisualStudioVersion = 17.3.32901.215
MinimumVisualStudioVersion = 10.0.40219.1
Project("{FAE04EC0-301F-11D3-BF4B-00C04F79EFBC}") = "KumpelApp.Api", "KumpelApp.Api\KumpelApp.Api.csproj", "{448AAF1B-462A-4F0A-BAFA-E7BB4E5D4C01}"
EndProject
Project("{FAE04EC0-301F-11D3-BF4B-00C04F79EFBC}") = "KumpelAppApi.Test", "KumpelAppApi.Test\KumpelAppApi.Test.csproj", "{524B3A8A-8A27-490F-8413-2EC8B38301D9}"
EndProject
Global
	GlobalSection(SolutionConfigurationPlatforms) = preSolution
		Debug|Any CPU = Debug|Any CPU
		Release|Any CPU = Release|Any CPU
	EndGlobalSection
	GlobalSection(ProjectConfigurationPlatforms) = postSolution
		{448AAF1B-462A-4F0A-BAFA-E7BB4E5D4C01}.Debug|Any CPU.ActiveCfg = Debug|Any CPU
		{448AAF1B-462A-4F0A-BAFA-E7BB4E5D4C01}.Debug|Any CPU.Build.0 = Debug|Any CPU
		{448AAF1B-462A-4F0A-BAFA-E7BB4E5D4C01}.Release|Any CPU.ActiveCfg = Release|Any CPU
		{448AAF1B-462A-4F0A-BAFA-E7BB4E5D4C01}.Release|Any CPU.Build.0 = Release|Any CPU
		{524B3A8A-8A27-490F-8413-2EC8B38301D9}.Debug|Any CPU.ActiveCfg = Debug|Any CPU
		{524B3A8A-8A27-490F-8413-2EC8B38301D9}.Debug|Any CPU.Build.0 = Debug|Any CPU
		{524B3A8A-8A27-490F-8413-2EC8B38301D9}.Release|Any CPU.ActiveCfg = Release|Any CPU
		{524B3A8A-8A27-490F-8413-2EC8B38301D9}.Release|Any CPU.Build.0 = Release|Any CPU
	EndGlobalSection
	GlobalSection(SolutionProperties) = preSolution
		HideSolutionNode = FALSE
	EndGlobalSection
	GlobalSection(ExtensibilityGlobals) = postSolution
		SolutionGuid = {1AA6763B-C8B2-4D30-BF79-7B1C33E7A536}
	EndGlobalSection
EndGlobal
